// !$*UTF8*$!
{
	archiveVersion = 1;
	classes = {
	};
	objectVersion = 56;
	objects = {

/* Begin PBXBuildFile section */
		4F506D4E2B363F450082898E /* HomeViewModel.swift in Sources */ = {isa = PBXBuildFile; fileRef = 4F506D4D2B363F450082898E /* HomeViewModel.swift */; };
		4F506D502B3642E60082898E /* BookImageModel.swift in Sources */ = {isa = PBXBuildFile; fileRef = 4F506D4F2B3642E60082898E /* BookImageModel.swift */; };
		4F5681292B34F19700D509FC /* AppDelegate.swift in Sources */ = {isa = PBXBuildFile; fileRef = 4F5681282B34F19700D509FC /* AppDelegate.swift */; };
		4F56812B2B34F19700D509FC /* SceneDelegate.swift in Sources */ = {isa = PBXBuildFile; fileRef = 4F56812A2B34F19700D509FC /* SceneDelegate.swift */; };
		4F56812D2B34F19700D509FC /* ViewController.swift in Sources */ = {isa = PBXBuildFile; fileRef = 4F56812C2B34F19700D509FC /* ViewController.swift */; };
		4F5681302B34F19700D509FC /* Main.storyboard in Resources */ = {isa = PBXBuildFile; fileRef = 4F56812E2B34F19700D509FC /* Main.storyboard */; };
		4F5681322B34F19A00D509FC /* Assets.xcassets in Resources */ = {isa = PBXBuildFile; fileRef = 4F5681312B34F19A00D509FC /* Assets.xcassets */; };
		4F5681352B34F19A00D509FC /* LaunchScreen.storyboard in Resources */ = {isa = PBXBuildFile; fileRef = 4F5681332B34F19A00D509FC /* LaunchScreen.storyboard */; };
		4F5681432B34F1C200D509FC /* BookFinderTests.swift in Sources */ = {isa = PBXBuildFile; fileRef = 4F5681422B34F1C200D509FC /* BookFinderTests.swift */; };
		4F56814B2B34F6D300D509FC /* Alamofire in Frameworks */ = {isa = PBXBuildFile; productRef = 4F56814A2B34F6D300D509FC /* Alamofire */; };
		4F56814E2B34F7A600D509FC /* GoogleBooksAPIManager.swift in Sources */ = {isa = PBXBuildFile; fileRef = 4F56814D2B34F7A600D509FC /* GoogleBooksAPIManager.swift */; };
		4F5681512B34F8B100D509FC /* BookDetailsData.swift in Sources */ = {isa = PBXBuildFile; fileRef = 4F5681502B34F8B100D509FC /* BookDetailsData.swift */; };
		4F5681532B34F8DD00D509FC /* VolumeData.swift in Sources */ = {isa = PBXBuildFile; fileRef = 4F5681522B34F8DD00D509FC /* VolumeData.swift */; };
		4F5681552B34FA5200D509FC /* Constant.swift in Sources */ = {isa = PBXBuildFile; fileRef = 4F5681542B34FA5200D509FC /* Constant.swift */; };
		4F5681582B34FD2900D509FC /* HomeViewController.swift in Sources */ = {isa = PBXBuildFile; fileRef = 4F5681572B34FD2800D509FC /* HomeViewController.swift */; };
		4F56815B2B34FEA700D509FC /* MainCoordinator.swift in Sources */ = {isa = PBXBuildFile; fileRef = 4F56815A2B34FEA700D509FC /* MainCoordinator.swift */; };
		4F56815D2B34FEC000D509FC /* iOSCoordinatorFactory.swift in Sources */ = {isa = PBXBuildFile; fileRef = 4F56815C2B34FEC000D509FC /* iOSCoordinatorFactory.swift */; };
		4F5681612B363B0600D509FC /* BookInfoCell.swift in Sources */ = {isa = PBXBuildFile; fileRef = 4F5681602B363B0600D509FC /* BookInfoCell.swift */; };
		4F5681632B363B3C00D509FC /* BookInfoCell.xib in Resources */ = {isa = PBXBuildFile; fileRef = 4F5681622B363B3C00D509FC /* BookInfoCell.xib */; };
/* End PBXBuildFile section */

/* Begin PBXContainerItemProxy section */
		4F5681442B34F1C200D509FC /* PBXContainerItemProxy */ = {
			isa = PBXContainerItemProxy;
			containerPortal = 4F56811D2B34F19700D509FC /* Project object */;
			proxyType = 1;
			remoteGlobalIDString = 4F5681242B34F19700D509FC;
			remoteInfo = BookFinder;
		};
/* End PBXContainerItemProxy section */

/* Begin PBXFileReference section */
		4F506D4D2B363F450082898E /* HomeViewModel.swift */ = {isa = PBXFileReference; lastKnownFileType = sourcecode.swift; path = HomeViewModel.swift; sourceTree = "<group>"; };
		4F506D4F2B3642E60082898E /* BookImageModel.swift */ = {isa = PBXFileReference; lastKnownFileType = sourcecode.swift; path = BookImageModel.swift; sourceTree = "<group>"; };
		4F5681252B34F19700D509FC /* BookFinder.app */ = {isa = PBXFileReference; explicitFileType = wrapper.application; includeInIndex = 0; path = BookFinder.app; sourceTree = BUILT_PRODUCTS_DIR; };
		4F5681282B34F19700D509FC /* AppDelegate.swift */ = {isa = PBXFileReference; lastKnownFileType = sourcecode.swift; path = AppDelegate.swift; sourceTree = "<group>"; };
		4F56812A2B34F19700D509FC /* SceneDelegate.swift */ = {isa = PBXFileReference; lastKnownFileType = sourcecode.swift; path = SceneDelegate.swift; sourceTree = "<group>"; };
		4F56812C2B34F19700D509FC /* ViewController.swift */ = {isa = PBXFileReference; lastKnownFileType = sourcecode.swift; path = ViewController.swift; sourceTree = "<group>"; };
		4F56812F2B34F19700D509FC /* Base */ = {isa = PBXFileReference; lastKnownFileType = file.storyboard; name = Base; path = Base.lproj/Main.storyboard; sourceTree = "<group>"; };
		4F5681312B34F19A00D509FC /* Assets.xcassets */ = {isa = PBXFileReference; lastKnownFileType = folder.assetcatalog; path = Assets.xcassets; sourceTree = "<group>"; };
		4F5681342B34F19A00D509FC /* Base */ = {isa = PBXFileReference; lastKnownFileType = file.storyboard; name = Base; path = Base.lproj/LaunchScreen.storyboard; sourceTree = "<group>"; };
		4F5681362B34F19A00D509FC /* Info.plist */ = {isa = PBXFileReference; lastKnownFileType = text.plist.xml; path = Info.plist; sourceTree = "<group>"; };
		4F5681402B34F1C200D509FC /* BookFinderTests.xctest */ = {isa = PBXFileReference; explicitFileType = wrapper.cfbundle; includeInIndex = 0; path = BookFinderTests.xctest; sourceTree = BUILT_PRODUCTS_DIR; };
		4F5681422B34F1C200D509FC /* BookFinderTests.swift */ = {isa = PBXFileReference; lastKnownFileType = sourcecode.swift; path = BookFinderTests.swift; sourceTree = "<group>"; };
		4F56814D2B34F7A600D509FC /* GoogleBooksAPIManager.swift */ = {isa = PBXFileReference; lastKnownFileType = sourcecode.swift; path = GoogleBooksAPIManager.swift; sourceTree = "<group>"; };
		4F5681502B34F8B100D509FC /* BookDetailsData.swift */ = {isa = PBXFileReference; lastKnownFileType = sourcecode.swift; path = BookDetailsData.swift; sourceTree = "<group>"; };
		4F5681522B34F8DD00D509FC /* VolumeData.swift */ = {isa = PBXFileReference; lastKnownFileType = sourcecode.swift; path = VolumeData.swift; sourceTree = "<group>"; };
		4F5681542B34FA5200D509FC /* Constant.swift */ = {isa = PBXFileReference; lastKnownFileType = sourcecode.swift; path = Constant.swift; sourceTree = "<group>"; };
		4F5681572B34FD2800D509FC /* HomeViewController.swift */ = {isa = PBXFileReference; lastKnownFileType = sourcecode.swift; path = HomeViewController.swift; sourceTree = "<group>"; };
		4F56815A2B34FEA700D509FC /* MainCoordinator.swift */ = {isa = PBXFileReference; lastKnownFileType = sourcecode.swift; path = MainCoordinator.swift; sourceTree = "<group>"; };
		4F56815C2B34FEC000D509FC /* iOSCoordinatorFactory.swift */ = {isa = PBXFileReference; lastKnownFileType = sourcecode.swift; path = iOSCoordinatorFactory.swift; sourceTree = "<group>"; };
		4F5681602B363B0600D509FC /* BookInfoCell.swift */ = {isa = PBXFileReference; lastKnownFileType = sourcecode.swift; path = BookInfoCell.swift; sourceTree = "<group>"; };
		4F5681622B363B3C00D509FC /* BookInfoCell.xib */ = {isa = PBXFileReference; lastKnownFileType = file.xib; path = BookInfoCell.xib; sourceTree = "<group>"; };
/* End PBXFileReference section */

/* Begin PBXFrameworksBuildPhase section */
		4F5681222B34F19700D509FC /* Frameworks */ = {
			isa = PBXFrameworksBuildPhase;
			buildActionMask = 2147483647;
			files = (
				4F56814B2B34F6D300D509FC /* Alamofire in Frameworks */,
			);
			runOnlyForDeploymentPostprocessing = 0;
		};
		4F56813D2B34F1C200D509FC /* Frameworks */ = {
			isa = PBXFrameworksBuildPhase;
			buildActionMask = 2147483647;
			files = (
			);
			runOnlyForDeploymentPostprocessing = 0;
		};
/* End PBXFrameworksBuildPhase section */

/* Begin PBXGroup section */
		4F506D4B2B363EB70082898E /* DetailBookModule */ = {
			isa = PBXGroup;
			children = (
			);
			path = DetailBookModule;
			sourceTree = "<group>";
		};
		4F506D4C2B363F040082898E /* ViewModel */ = {
			isa = PBXGroup;
			children = (
				4F506D4D2B363F450082898E /* HomeViewModel.swift */,
			);
			path = ViewModel;
			sourceTree = "<group>";
		};
		4F56811C2B34F19700D509FC = {
			isa = PBXGroup;
			children = (
				4F5681272B34F19700D509FC /* BookFinder */,
				4F5681412B34F1C200D509FC /* BookFinderTests */,
				4F5681262B34F19700D509FC /* Products */,
			);
			sourceTree = "<group>";
		};
		4F5681262B34F19700D509FC /* Products */ = {
			isa = PBXGroup;
			children = (
				4F5681252B34F19700D509FC /* BookFinder.app */,
				4F5681402B34F1C200D509FC /* BookFinderTests.xctest */,
			);
			name = Products;
			sourceTree = "<group>";
		};
		4F5681272B34F19700D509FC /* BookFinder */ = {
			isa = PBXGroup;
			children = (
				4F506D4B2B363EB70082898E /* DetailBookModule */,
				4F5681592B34FE7800D509FC /* Coordinator */,
				4F5681562B34FC1200D509FC /* HomeModule */,
				4F56814F2B34F88C00D509FC /* Models */,
				4F56814C2B34F77200D509FC /* Networking */,
				4F5681282B34F19700D509FC /* AppDelegate.swift */,
				4F56812A2B34F19700D509FC /* SceneDelegate.swift */,
				4F56812C2B34F19700D509FC /* ViewController.swift */,
				4F56812E2B34F19700D509FC /* Main.storyboard */,
				4F5681312B34F19A00D509FC /* Assets.xcassets */,
				4F5681332B34F19A00D509FC /* LaunchScreen.storyboard */,
				4F5681362B34F19A00D509FC /* Info.plist */,
			);
			path = BookFinder;
			sourceTree = "<group>";
		};
		4F5681412B34F1C200D509FC /* BookFinderTests */ = {
			isa = PBXGroup;
			children = (
				4F5681422B34F1C200D509FC /* BookFinderTests.swift */,
			);
			path = BookFinderTests;
			sourceTree = "<group>";
		};
		4F56814C2B34F77200D509FC /* Networking */ = {
			isa = PBXGroup;
			children = (
				4F56814D2B34F7A600D509FC /* GoogleBooksAPIManager.swift */,
			);
			path = Networking;
			sourceTree = "<group>";
		};
		4F56814F2B34F88C00D509FC /* Models */ = {
			isa = PBXGroup;
			children = (
				4F5681502B34F8B100D509FC /* BookDetailsData.swift */,
				4F5681522B34F8DD00D509FC /* VolumeData.swift */,
				4F5681542B34FA5200D509FC /* Constant.swift */,
				4F506D4F2B3642E60082898E /* BookImageModel.swift */,
			);
			path = Models;
			sourceTree = "<group>";
		};
		4F5681562B34FC1200D509FC /* HomeModule */ = {
			isa = PBXGroup;
			children = (
				4F506D4C2B363F040082898E /* ViewModel */,
				4F56815E2B363AD600D509FC /* View */,
			);
			path = HomeModule;
			sourceTree = "<group>";
		};
		4F5681592B34FE7800D509FC /* Coordinator */ = {
			isa = PBXGroup;
			children = (
				4F56815A2B34FEA700D509FC /* MainCoordinator.swift */,
				4F56815C2B34FEC000D509FC /* iOSCoordinatorFactory.swift */,
			);
			path = Coordinator;
			sourceTree = "<group>";
		};
		4F56815E2B363AD600D509FC /* View */ = {
			isa = PBXGroup;
			children = (
				4F5681572B34FD2800D509FC /* HomeViewController.swift */,
				4F56815F2B363AE100D509FC /* Cells */,
			);
			path = View;
			sourceTree = "<group>";
		};
		4F56815F2B363AE100D509FC /* Cells */ = {
			isa = PBXGroup;
			children = (
				4F5681602B363B0600D509FC /* BookInfoCell.swift */,
				4F5681622B363B3C00D509FC /* BookInfoCell.xib */,
			);
			path = Cells;
			sourceTree = "<group>";
		};
/* End PBXGroup section */

/* Begin PBXNativeTarget section */
		4F5681242B34F19700D509FC /* BookFinder */ = {
			isa = PBXNativeTarget;
			buildConfigurationList = 4F5681392B34F19A00D509FC /* Build configuration list for PBXNativeTarget "BookFinder" */;
			buildPhases = (
				4F5681212B34F19700D509FC /* Sources */,
				4F5681222B34F19700D509FC /* Frameworks */,
				4F5681232B34F19700D509FC /* Resources */,
			);
			buildRules = (
			);
			dependencies = (
			);
			name = BookFinder;
			packageProductDependencies = (
				4F56814A2B34F6D300D509FC /* Alamofire */,
			);
			productName = BookFinder;
			productReference = 4F5681252B34F19700D509FC /* BookFinder.app */;
			productType = "com.apple.product-type.application";
		};
		4F56813F2B34F1C200D509FC /* BookFinderTests */ = {
			isa = PBXNativeTarget;
			buildConfigurationList = 4F5681462B34F1C200D509FC /* Build configuration list for PBXNativeTarget "BookFinderTests" */;
			buildPhases = (
				4F56813C2B34F1C200D509FC /* Sources */,
				4F56813D2B34F1C200D509FC /* Frameworks */,
				4F56813E2B34F1C200D509FC /* Resources */,
			);
			buildRules = (
			);
			dependencies = (
				4F5681452B34F1C200D509FC /* PBXTargetDependency */,
			);
			name = BookFinderTests;
			productName = BookFinderTests;
			productReference = 4F5681402B34F1C200D509FC /* BookFinderTests.xctest */;
			productType = "com.apple.product-type.bundle.unit-test";
		};
/* End PBXNativeTarget section */

/* Begin PBXProject section */
		4F56811D2B34F19700D509FC /* Project object */ = {
			isa = PBXProject;
			attributes = {
				BuildIndependentTargetsInParallel = 1;
				LastSwiftUpdateCheck = 1420;
				LastUpgradeCheck = 1420;
				TargetAttributes = {
					4F5681242B34F19700D509FC = {
						CreatedOnToolsVersion = 14.2;
					};
					4F56813F2B34F1C200D509FC = {
						CreatedOnToolsVersion = 14.2;
						TestTargetID = 4F5681242B34F19700D509FC;
					};
				};
			};
			buildConfigurationList = 4F5681202B34F19700D509FC /* Build configuration list for PBXProject "BookFinder" */;
			compatibilityVersion = "Xcode 14.0";
			developmentRegion = en;
			hasScannedForEncodings = 0;
			knownRegions = (
				en,
				Base,
			);
			mainGroup = 4F56811C2B34F19700D509FC;
			packageReferences = (
				4F5681492B34F6D300D509FC /* XCRemoteSwiftPackageReference "Alamofire" */,
			);
			productRefGroup = 4F5681262B34F19700D509FC /* Products */;
			projectDirPath = "";
			projectRoot = "";
			targets = (
				4F5681242B34F19700D509FC /* BookFinder */,
				4F56813F2B34F1C200D509FC /* BookFinderTests */,
			);
		};
/* End PBXProject section */

/* Begin PBXResourcesBuildPhase section */
		4F5681232B34F19700D509FC /* Resources */ = {
			isa = PBXResourcesBuildPhase;
			buildActionMask = 2147483647;
			files = (
				4F5681632B363B3C00D509FC /* BookInfoCell.xib in Resources */,
				4F5681352B34F19A00D509FC /* LaunchScreen.storyboard in Resources */,
				4F5681322B34F19A00D509FC /* Assets.xcassets in Resources */,
				4F5681302B34F19700D509FC /* Main.storyboard in Resources */,
			);
			runOnlyForDeploymentPostprocessing = 0;
		};
		4F56813E2B34F1C200D509FC /* Resources */ = {
			isa = PBXResourcesBuildPhase;
			buildActionMask = 2147483647;
			files = (
			);
			runOnlyForDeploymentPostprocessing = 0;
		};
/* End PBXResourcesBuildPhase section */

/* Begin PBXSourcesBuildPhase section */
		4F5681212B34F19700D509FC /* Sources */ = {
			isa = PBXSourcesBuildPhase;
			buildActionMask = 2147483647;
			files = (
				4F5681552B34FA5200D509FC /* Constant.swift in Sources */,
				4F56815D2B34FEC000D509FC /* iOSCoordinatorFactory.swift in Sources */,
				4F56812D2B34F19700D509FC /* ViewController.swift in Sources */,
				4F5681292B34F19700D509FC /* AppDelegate.swift in Sources */,
				4F5681582B34FD2900D509FC /* HomeViewController.swift in Sources */,
				4F56814E2B34F7A600D509FC /* GoogleBooksAPIManager.swift in Sources */,
				4F56812B2B34F19700D509FC /* SceneDelegate.swift in Sources */,
				4F506D4E2B363F450082898E /* HomeViewModel.swift in Sources */,
				4F5681512B34F8B100D509FC /* BookDetailsData.swift in Sources */,
				4F56815B2B34FEA700D509FC /* MainCoordinator.swift in Sources */,
				4F5681532B34F8DD00D509FC /* VolumeData.swift in Sources */,
				4F5681612B363B0600D509FC /* BookInfoCell.swift in Sources */,
				4F506D502B3642E60082898E /* BookImageModel.swift in Sources */,
			);
			runOnlyForDeploymentPostprocessing = 0;
		};
		4F56813C2B34F1C200D509FC /* Sources */ = {
			isa = PBXSourcesBuildPhase;
			buildActionMask = 2147483647;
			files = (
				4F5681432B34F1C200D509FC /* BookFinderTests.swift in Sources */,
			);
			runOnlyForDeploymentPostprocessing = 0;
		};
/* End PBXSourcesBuildPhase section */

/* Begin PBXTargetDependency section */
		4F5681452B34F1C200D509FC /* PBXTargetDependency */ = {
			isa = PBXTargetDependency;
			target = 4F5681242B34F19700D509FC /* BookFinder */;
			targetProxy = 4F5681442B34F1C200D509FC /* PBXContainerItemProxy */;
		};
/* End PBXTargetDependency section */

/* Begin PBXVariantGroup section */
		4F56812E2B34F19700D509FC /* Main.storyboard */ = {
			isa = PBXVariantGroup;
			children = (
				4F56812F2B34F19700D509FC /* Base */,
			);
			name = Main.storyboard;
			sourceTree = "<group>";
		};
		4F5681332B34F19A00D509FC /* LaunchScreen.storyboard */ = {
			isa = PBXVariantGroup;
			children = (
				4F5681342B34F19A00D509FC /* Base */,
			);
			name = LaunchScreen.storyboard;
			sourceTree = "<group>";
		};
/* End PBXVariantGroup section */

/* Begin XCBuildConfiguration section */
		4F5681372B34F19A00D509FC /* Debug */ = {
			isa = XCBuildConfiguration;
			buildSettings = {
				ALWAYS_SEARCH_USER_PATHS = NO;
				CLANG_ANALYZER_NONNULL = YES;
				CLANG_ANALYZER_NUMBER_OBJECT_CONVERSION = YES_AGGRESSIVE;
				CLANG_CXX_LANGUAGE_STANDARD = "gnu++20";
				CLANG_ENABLE_MODULES = YES;
				CLANG_ENABLE_OBJC_ARC = YES;
				CLANG_ENABLE_OBJC_WEAK = YES;
				CLANG_WARN_BLOCK_CAPTURE_AUTORELEASING = YES;
				CLANG_WARN_BOOL_CONVERSION = YES;
				CLANG_WARN_COMMA = YES;
				CLANG_WARN_CONSTANT_CONVERSION = YES;
				CLANG_WARN_DEPRECATED_OBJC_IMPLEMENTATIONS = YES;
				CLANG_WARN_DIRECT_OBJC_ISA_USAGE = YES_ERROR;
				CLANG_WARN_DOCUMENTATION_COMMENTS = YES;
				CLANG_WARN_EMPTY_BODY = YES;
				CLANG_WARN_ENUM_CONVERSION = YES;
				CLANG_WARN_INFINITE_RECURSION = YES;
				CLANG_WARN_INT_CONVERSION = YES;
				CLANG_WARN_NON_LITERAL_NULL_CONVERSION = YES;
				CLANG_WARN_OBJC_IMPLICIT_RETAIN_SELF = YES;
				CLANG_WARN_OBJC_LITERAL_CONVERSION = YES;
				CLANG_WARN_OBJC_ROOT_CLASS = YES_ERROR;
				CLANG_WARN_QUOTED_INCLUDE_IN_FRAMEWORK_HEADER = YES;
				CLANG_WARN_RANGE_LOOP_ANALYSIS = YES;
				CLANG_WARN_STRICT_PROTOTYPES = YES;
				CLANG_WARN_SUSPICIOUS_MOVE = YES;
				CLANG_WARN_UNGUARDED_AVAILABILITY = YES_AGGRESSIVE;
				CLANG_WARN_UNREACHABLE_CODE = YES;
				CLANG_WARN__DUPLICATE_METHOD_MATCH = YES;
				COPY_PHASE_STRIP = NO;
				DEBUG_INFORMATION_FORMAT = dwarf;
				ENABLE_STRICT_OBJC_MSGSEND = YES;
				ENABLE_TESTABILITY = YES;
				GCC_C_LANGUAGE_STANDARD = gnu11;
				GCC_DYNAMIC_NO_PIC = NO;
				GCC_NO_COMMON_BLOCKS = YES;
				GCC_OPTIMIZATION_LEVEL = 0;
				GCC_PREPROCESSOR_DEFINITIONS = (
					"DEBUG=1",
					"$(inherited)",
				);
				GCC_WARN_64_TO_32_BIT_CONVERSION = YES;
				GCC_WARN_ABOUT_RETURN_TYPE = YES_ERROR;
				GCC_WARN_UNDECLARED_SELECTOR = YES;
				GCC_WARN_UNINITIALIZED_AUTOS = YES_AGGRESSIVE;
				GCC_WARN_UNUSED_FUNCTION = YES;
				GCC_WARN_UNUSED_VARIABLE = YES;
				IPHONEOS_DEPLOYMENT_TARGET = 16.2;
				MTL_ENABLE_DEBUG_INFO = INCLUDE_SOURCE;
				MTL_FAST_MATH = YES;
				ONLY_ACTIVE_ARCH = YES;
				SDKROOT = iphoneos;
				SWIFT_ACTIVE_COMPILATION_CONDITIONS = DEBUG;
				SWIFT_OPTIMIZATION_LEVEL = "-Onone";
			};
			name = Debug;
		};
		4F5681382B34F19A00D509FC /* Release */ = {
			isa = XCBuildConfiguration;
			buildSettings = {
				ALWAYS_SEARCH_USER_PATHS = NO;
				CLANG_ANALYZER_NONNULL = YES;
				CLANG_ANALYZER_NUMBER_OBJECT_CONVERSION = YES_AGGRESSIVE;
				CLANG_CXX_LANGUAGE_STANDARD = "gnu++20";
				CLANG_ENABLE_MODULES = YES;
				CLANG_ENABLE_OBJC_ARC = YES;
				CLANG_ENABLE_OBJC_WEAK = YES;
				CLANG_WARN_BLOCK_CAPTURE_AUTORELEASING = YES;
				CLANG_WARN_BOOL_CONVERSION = YES;
				CLANG_WARN_COMMA = YES;
				CLANG_WARN_CONSTANT_CONVERSION = YES;
				CLANG_WARN_DEPRECATED_OBJC_IMPLEMENTATIONS = YES;
				CLANG_WARN_DIRECT_OBJC_ISA_USAGE = YES_ERROR;
				CLANG_WARN_DOCUMENTATION_COMMENTS = YES;
				CLANG_WARN_EMPTY_BODY = YES;
				CLANG_WARN_ENUM_CONVERSION = YES;
				CLANG_WARN_INFINITE_RECURSION = YES;
				CLANG_WARN_INT_CONVERSION = YES;
				CLANG_WARN_NON_LITERAL_NULL_CONVERSION = YES;
				CLANG_WARN_OBJC_IMPLICIT_RETAIN_SELF = YES;
				CLANG_WARN_OBJC_LITERAL_CONVERSION = YES;
				CLANG_WARN_OBJC_ROOT_CLASS = YES_ERROR;
				CLANG_WARN_QUOTED_INCLUDE_IN_FRAMEWORK_HEADER = YES;
				CLANG_WARN_RANGE_LOOP_ANALYSIS = YES;
				CLANG_WARN_STRICT_PROTOTYPES = YES;
				CLANG_WARN_SUSPICIOUS_MOVE = YES;
				CLANG_WARN_UNGUARDED_AVAILABILITY = YES_AGGRESSIVE;
				CLANG_WARN_UNREACHABLE_CODE = YES;
				CLANG_WARN__DUPLICATE_METHOD_MATCH = YES;
				COPY_PHASE_STRIP = NO;
				DEBUG_INFORMATION_FORMAT = "dwarf-with-dsym";
				ENABLE_NS_ASSERTIONS = NO;
				ENABLE_STRICT_OBJC_MSGSEND = YES;
				GCC_C_LANGUAGE_STANDARD = gnu11;
				GCC_NO_COMMON_BLOCKS = YES;
				GCC_WARN_64_TO_32_BIT_CONVERSION = YES;
				GCC_WARN_ABOUT_RETURN_TYPE = YES_ERROR;
				GCC_WARN_UNDECLARED_SELECTOR = YES;
				GCC_WARN_UNINITIALIZED_AUTOS = YES_AGGRESSIVE;
				GCC_WARN_UNUSED_FUNCTION = YES;
				GCC_WARN_UNUSED_VARIABLE = YES;
				IPHONEOS_DEPLOYMENT_TARGET = 16.2;
				MTL_ENABLE_DEBUG_INFO = NO;
				MTL_FAST_MATH = YES;
				SDKROOT = iphoneos;
				SWIFT_COMPILATION_MODE = wholemodule;
				SWIFT_OPTIMIZATION_LEVEL = "-O";
				VALIDATE_PRODUCT = YES;
			};
			name = Release;
		};
		4F56813A2B34F19A00D509FC /* Debug */ = {
			isa = XCBuildConfiguration;
			buildSettings = {
				ASSETCATALOG_COMPILER_APPICON_NAME = AppIcon;
				ASSETCATALOG_COMPILER_GLOBAL_ACCENT_COLOR_NAME = AccentColor;
				CODE_SIGN_STYLE = Automatic;
				CURRENT_PROJECT_VERSION = 1;
				DEVELOPMENT_TEAM = BF762BK7R9;
				GENERATE_INFOPLIST_FILE = YES;
				INFOPLIST_FILE = BookFinder/Info.plist;
				INFOPLIST_KEY_UIApplicationSupportsIndirectInputEvents = YES;
				INFOPLIST_KEY_UILaunchStoryboardName = LaunchScreen;
				INFOPLIST_KEY_UIMainStoryboardFile = Main;
				INFOPLIST_KEY_UISupportedInterfaceOrientations_iPad = "UIInterfaceOrientationPortrait UIInterfaceOrientationPortraitUpsideDown UIInterfaceOrientationLandscapeLeft UIInterfaceOrientationLandscapeRight";
				INFOPLIST_KEY_UISupportedInterfaceOrientations_iPhone = "UIInterfaceOrientationPortrait UIInterfaceOrientationLandscapeLeft UIInterfaceOrientationLandscapeRight";
				LD_RUNPATH_SEARCH_PATHS = (
					"$(inherited)",
					"@executable_path/Frameworks",
				);
				MARKETING_VERSION = 1.0;
				PRODUCT_BUNDLE_IDENTIFIER = Oli.BookFinder;
				PRODUCT_NAME = "$(TARGET_NAME)";
				SWIFT_EMIT_LOC_STRINGS = YES;
				SWIFT_VERSION = 5.0;
				TARGETED_DEVICE_FAMILY = "1,2";
			};
			name = Debug;
		};
		4F56813B2B34F19A00D509FC /* Release */ = {
			isa = XCBuildConfiguration;
			buildSettings = {
				ASSETCATALOG_COMPILER_APPICON_NAME = AppIcon;
				ASSETCATALOG_COMPILER_GLOBAL_ACCENT_COLOR_NAME = AccentColor;
				CODE_SIGN_STYLE = Automatic;
				CURRENT_PROJECT_VERSION = 1;
				DEVELOPMENT_TEAM = BF762BK7R9;
				GENERATE_INFOPLIST_FILE = YES;
				INFOPLIST_FILE = BookFinder/Info.plist;
				INFOPLIST_KEY_UIApplicationSupportsIndirectInputEvents = YES;
				INFOPLIST_KEY_UILaunchStoryboardName = LaunchScreen;
				INFOPLIST_KEY_UIMainStoryboardFile = Main;
				INFOPLIST_KEY_UISupportedInterfaceOrientations_iPad = "UIInterfaceOrientationPortrait UIInterfaceOrientationPortraitUpsideDown UIInterfaceOrientationLandscapeLeft UIInterfaceOrientationLandscapeRight";
				INFOPLIST_KEY_UISupportedInterfaceOrientations_iPhone = "UIInterfaceOrientationPortrait UIInterfaceOrientationLandscapeLeft UIInterfaceOrientationLandscapeRight";
				LD_RUNPATH_SEARCH_PATHS = (
					"$(inherited)",
					"@executable_path/Frameworks",
				);
				MARKETING_VERSION = 1.0;
				PRODUCT_BUNDLE_IDENTIFIER = Oli.BookFinder;
				PRODUCT_NAME = "$(TARGET_NAME)";
				SWIFT_EMIT_LOC_STRINGS = YES;
				SWIFT_VERSION = 5.0;
				TARGETED_DEVICE_FAMILY = "1,2";
			};
			name = Release;
		};
		4F5681472B34F1C200D509FC /* Debug */ = {
			isa = XCBuildConfiguration;
			buildSettings = {
				BUNDLE_LOADER = "$(TEST_HOST)";
				CODE_SIGN_STYLE = Automatic;
				CURRENT_PROJECT_VERSION = 1;
				DEVELOPMENT_TEAM = BF762BK7R9;
				GENERATE_INFOPLIST_FILE = YES;
				MARKETING_VERSION = 1.0;
				PRODUCT_BUNDLE_IDENTIFIER = Oli.BookFinderTests;
				PRODUCT_NAME = "$(TARGET_NAME)";
				SWIFT_EMIT_LOC_STRINGS = NO;
				SWIFT_VERSION = 5.0;
				TARGETED_DEVICE_FAMILY = "1,2";
				TEST_HOST = "$(BUILT_PRODUCTS_DIR)/BookFinder.app/$(BUNDLE_EXECUTABLE_FOLDER_PATH)/BookFinder";
			};
			name = Debug;
		};
		4F5681482B34F1C200D509FC /* Release */ = {
			isa = XCBuildConfiguration;
			buildSettings = {
				BUNDLE_LOADER = "$(TEST_HOST)";
				CODE_SIGN_STYLE = Automatic;
				CURRENT_PROJECT_VERSION = 1;
				DEVELOPMENT_TEAM = BF762BK7R9;
				GENERATE_INFOPLIST_FILE = YES;
				MARKETING_VERSION = 1.0;
				PRODUCT_BUNDLE_IDENTIFIER = Oli.BookFinderTests;
				PRODUCT_NAME = "$(TARGET_NAME)";
				SWIFT_EMIT_LOC_STRINGS = NO;
				SWIFT_VERSION = 5.0;
				TARGETED_DEVICE_FAMILY = "1,2";
				TEST_HOST = "$(BUILT_PRODUCTS_DIR)/BookFinder.app/$(BUNDLE_EXECUTABLE_FOLDER_PATH)/BookFinder";
			};
			name = Release;
		};
/* End XCBuildConfiguration section */

/* Begin XCConfigurationList section */
		4F5681202B34F19700D509FC /* Build configuration list for PBXProject "BookFinder" */ = {
			isa = XCConfigurationList;
			buildConfigurations = (
				4F5681372B34F19A00D509FC /* Debug */,
				4F5681382B34F19A00D509FC /* Release */,
			);
			defaultConfigurationIsVisible = 0;
			defaultConfigurationName = Release;
		};
		4F5681392B34F19A00D509FC /* Build configuration list for PBXNativeTarget "BookFinder" */ = {
			isa = XCConfigurationList;
			buildConfigurations = (
				4F56813A2B34F19A00D509FC /* Debug */,
				4F56813B2B34F19A00D509FC /* Release */,
			);
			defaultConfigurationIsVisible = 0;
			defaultConfigurationName = Release;
		};
		4F5681462B34F1C200D509FC /* Build configuration list for PBXNativeTarget "BookFinderTests" */ = {
			isa = XCConfigurationList;
			buildConfigurations = (
				4F5681472B34F1C200D509FC /* Debug */,
				4F5681482B34F1C200D509FC /* Release */,
			);
			defaultConfigurationIsVisible = 0;
			defaultConfigurationName = Release;
		};
/* End XCConfigurationList section */

/* Begin XCRemoteSwiftPackageReference section */
		4F5681492B34F6D300D509FC /* XCRemoteSwiftPackageReference "Alamofire" */ = {
			isa = XCRemoteSwiftPackageReference;
			repositoryURL = "https://github.com/Alamofire/Alamofire";
			requirement = {
				kind = upToNextMajorVersion;
				minimumVersion = 5.0.0;
			};
		};
/* End XCRemoteSwiftPackageReference section */

/* Begin XCSwiftPackageProductDependency section */
		4F56814A2B34F6D300D509FC /* Alamofire */ = {
			isa = XCSwiftPackageProductDependency;
			package = 4F5681492B34F6D300D509FC /* XCRemoteSwiftPackageReference "Alamofire" */;
			productName = Alamofire;
		};
/* End XCSwiftPackageProductDependency section */
	};
	rootObject = 4F56811D2B34F19700D509FC /* Project object */;
}
